
Microsoft Visual Studio Solution File, Format Version 12.00
# Visual Studio Version 17
VisualStudioVersion = 17.2.32526.322
MinimumVisualStudioVersion = 10.0.40219.1
Project("{FAE04EC0-301F-11D3-BF4B-00C04F79EFBC}") = "FACEIT Discord Rich Presence", "FACEIT Discord Rich Presence\FACEIT Discord Rich Presence.csproj", "{18CDE920-2A1D-4A30-B3E6-4F9B703BD055}"
EndProject
Global
	GlobalSection(SolutionConfigurationPlatforms) = preSolution
		Debug|Any CPU = Debug|Any CPU
		Debug|x64 = Debug|x64
		Debug|x86 = Debug|x86
		Release|Any CPU = Release|Any CPU
		Release|x64 = Release|x64
		Release|x86 = Release|x86
	EndGlobalSection
	GlobalSection(ProjectConfigurationPlatforms) = postSolution
		{18CDE920-2A1D-4A30-B3E6-4F9B703BD055}.Debug|Any CPU.ActiveCfg = Debug|Any CPU
		{18CDE920-2A1D-4A30-B3E6-4F9B703BD055}.Debug|Any CPU.Build.0 = Debug|Any CPU
		{18CDE920-2A1D-4A30-B3E6-4F9B703BD055}.Debug|x64.ActiveCfg = Debug|x64
		{18CDE920-2A1D-4A30-B3E6-4F9B703BD055}.Debug|x64.Build.0 = Debug|x64
		{18CDE920-2A1D-4A30-B3E6-4F9B703BD055}.Debug|x86.ActiveCfg = Debug|x86
		{18CDE920-2A1D-4A30-B3E6-4F9B703BD055}.Debug|x86.Build.0 = Debug|x86
		{18CDE920-2A1D-4A30-B3E6-4F9B703BD055}.Release|Any CPU.ActiveCfg = Release|Any CPU
		{18CDE920-2A1D-4A30-B3E6-4F9B703BD055}.Release|Any CPU.Build.0 = Release|Any CPU
		{18CDE920-2A1D-4A30-B3E6-4F9B703BD055}.Release|x64.ActiveCfg = Release|x64
		{18CDE920-2A1D-4A30-B3E6-4F9B703BD055}.Release|x64.Build.0 = Release|x64
		{18CDE920-2A1D-4A30-B3E6-4F9B703BD055}.Release|x86.ActiveCfg = Release|x86
		{18CDE920-2A1D-4A30-B3E6-4F9B703BD055}.Release|x86.Build.0 = Release|x86
	EndGlobalSection
	GlobalSection(SolutionProperties) = preSolution
		HideSolutionNode = FALSE
	EndGlobalSection
	GlobalSection(ExtensibilityGlobals) = postSolution
		SolutionGuid = {C90812EE-9709-44F1-8F71-3E4719380F48}
	EndGlobalSection
EndGlobal
